# This file is generated by running "yarn install" inside your project.
# Manual changes might be lost - proceed with caution!

__metadata:
  version: 8
  cacheKey: 10c0

"@fastify/busboy@npm:^2.0.0":
  version: 2.1.1
  resolution: "@fastify/busboy@npm:2.1.1"
  checksum: 10c0/6f8027a8cba7f8f7b736718b013f5a38c0476eea67034c94a0d3c375e2b114366ad4419e6a6fa7ffc2ef9c6d3e0435d76dd584a7a1cbac23962fda7650b579e3
  languageName: node
  linkType: hard

"@firebase/analytics-compat@npm:0.2.8":
  version: 0.2.8
  resolution: "@firebase/analytics-compat@npm:0.2.8"
  dependencies:
    "@firebase/analytics": "npm:0.10.2"
    "@firebase/analytics-types": "npm:0.8.1"
    "@firebase/component": "npm:0.6.6"
    "@firebase/util": "npm:1.9.5"
    tslib: "npm:^2.1.0"
  peerDependencies:
    "@firebase/app-compat": 0.x
  checksum: 10c0/cf5d84a551f45dc0007f665c02632aeab89e81cc08b07654172b418082b37d3ad3d395d26f8ec1cb5f1cf6d3a41353938902febce85d21a8c09aa29f022f0982
  languageName: node
  linkType: hard

"@firebase/analytics-types@npm:0.8.1":
  version: 0.8.1
  resolution: "@firebase/analytics-types@npm:0.8.1"
  checksum: 10c0/d12ca6a4aa819f3a40296bbfe3de05b83a34555ce2ef267c3f87cd8aecb8e358ec11cd5562daf3c7f8c935c20bb178b9e74acc31c51e7e6502cc969b1e165715
  languageName: node
  linkType: hard

"@firebase/analytics@npm:0.10.2":
  version: 0.10.2
  resolution: "@firebase/analytics@npm:0.10.2"
  dependencies:
    "@firebase/component": "npm:0.6.6"
    "@firebase/installations": "npm:0.6.6"
    "@firebase/logger": "npm:0.4.1"
    "@firebase/util": "npm:1.9.5"
    tslib: "npm:^2.1.0"
  peerDependencies:
    "@firebase/app": 0.x
  checksum: 10c0/62df65d261a6fbd73244a336061be77ab00be6282c9ed2e00594aa7fe5eca5177231256311658394daf7350599bc434fb9ede928b5e95e64ab7492ff4ebaf31e
  languageName: node
  linkType: hard

"@firebase/app-check-compat@npm:0.3.10":
  version: 0.3.10
  resolution: "@firebase/app-check-compat@npm:0.3.10"
  dependencies:
    "@firebase/app-check": "npm:0.8.3"
    "@firebase/app-check-types": "npm:0.5.1"
    "@firebase/component": "npm:0.6.6"
    "@firebase/logger": "npm:0.4.1"
    "@firebase/util": "npm:1.9.5"
    tslib: "npm:^2.1.0"
  peerDependencies:
    "@firebase/app-compat": 0.x
  checksum: 10c0/c3b4feec9cd91af0c43ac10131f5bc0cf1e48140616a957804b0a12f8062571b6358390598206bda0e5210a56d7ae71ae58b2e310e399754497b1e8f46dfffe8
  languageName: node
  linkType: hard

"@firebase/app-check-interop-types@npm:0.3.1":
  version: 0.3.1
  resolution: "@firebase/app-check-interop-types@npm:0.3.1"
  checksum: 10c0/c445442554ec39d3fcc03cc2a92c395b509fb47226f05cd16c562c692a9a5c96d227b2e68a2797f1240758a34d766cd2e2c61e9ff61ac41c858a302fab4d7281
  languageName: node
  linkType: hard

"@firebase/app-check-types@npm:0.5.1":
  version: 0.5.1
  resolution: "@firebase/app-check-types@npm:0.5.1"
  checksum: 10c0/c6420b52d69906449bfd07acaef21ed6ce1dc11aada8572488fa7a44a14b67c38fc8f65526a84cc40c10df1f3ecefbacf7ccc2cb901ec15ebe1607c01feb9ea3
  languageName: node
  linkType: hard

"@firebase/app-check@npm:0.8.3":
  version: 0.8.3
  resolution: "@firebase/app-check@npm:0.8.3"
  dependencies:
    "@firebase/component": "npm:0.6.6"
    "@firebase/logger": "npm:0.4.1"
    "@firebase/util": "npm:1.9.5"
    tslib: "npm:^2.1.0"
  peerDependencies:
    "@firebase/app": 0.x
  checksum: 10c0/ab6dcde5278e38318c2df882b8340db31b01718e510962f1bc65c73413db0f1a81d8f3ac0048017c6422ed4730c7bc577d4a95463faa4342a694aa00d9a5daa9
  languageName: node
  linkType: hard

"@firebase/app-compat@npm:0.2.32":
  version: 0.2.32
  resolution: "@firebase/app-compat@npm:0.2.32"
  dependencies:
    "@firebase/app": "npm:0.10.2"
    "@firebase/component": "npm:0.6.6"
    "@firebase/logger": "npm:0.4.1"
    "@firebase/util": "npm:1.9.5"
    tslib: "npm:^2.1.0"
  checksum: 10c0/e0f5cbfb5d550ba28c13bdf3eb8347dbf416cbddafbd93ad94e08d959e1f467bcd258521d3c9bf5a558c06cf55f971df542c40c7a145aaf0f3b22909ec1e70a6
  languageName: node
  linkType: hard

"@firebase/app-types@npm:0.9.1":
  version: 0.9.1
  resolution: "@firebase/app-types@npm:0.9.1"
  checksum: 10c0/bd67ea4c2d8e77c38d4bc603f483a45e50707a48303135a2b1d41dc819f651e9a3e5f34fd93f714ea39e99dc0578ed58d5a736788661889e961cc298e4ea2b48
  languageName: node
  linkType: hard

"@firebase/app@npm:0.10.2":
  version: 0.10.2
  resolution: "@firebase/app@npm:0.10.2"
  dependencies:
    "@firebase/component": "npm:0.6.6"
    "@firebase/logger": "npm:0.4.1"
    "@firebase/util": "npm:1.9.5"
    idb: "npm:7.1.1"
    tslib: "npm:^2.1.0"
  checksum: 10c0/74144e5954bc1738b0f16cb37aa26c7feb13541541b174a0b0f812f63fc6905d18966dc5257101f7aba7103c55d8165a8ed1fe62cef6331173fbdbbdb977d9af
  languageName: node
  linkType: hard

"@firebase/auth-compat@npm:0.5.7":
  version: 0.5.7
  resolution: "@firebase/auth-compat@npm:0.5.7"
  dependencies:
    "@firebase/auth": "npm:1.7.2"
    "@firebase/auth-types": "npm:0.12.1"
    "@firebase/component": "npm:0.6.6"
    "@firebase/util": "npm:1.9.5"
    tslib: "npm:^2.1.0"
    undici: "npm:5.28.4"
  peerDependencies:
    "@firebase/app-compat": 0.x
  checksum: 10c0/ca1d0a121d083bb3399e2056e67a7dcf9dc7ee42f52d38381657c6985264afc716fd0031f9806e6492140a30b7f4703c803bb9736c54ef60eb7274a5847dd3f8
  languageName: node
  linkType: hard

"@firebase/auth-interop-types@npm:0.2.2":
  version: 0.2.2
  resolution: "@firebase/auth-interop-types@npm:0.2.2"
  checksum: 10c0/4dd720dc68896d1de8e3fd70013496d67d1381cd5317b49f4cb8bb2e6977326a0daac99c45c6fd8a9fa9783e1c32770564ffca9d71246680fdd74603c0ffde2d
  languageName: node
  linkType: hard

"@firebase/auth-types@npm:0.12.1":
  version: 0.12.1
  resolution: "@firebase/auth-types@npm:0.12.1"
  peerDependencies:
    "@firebase/app-types": 0.x
    "@firebase/util": 1.x
  checksum: 10c0/cd63cdd65d88ea4d3f3e74824c31c612539649bc359b8766e082a509e7f39d2ab8195349c1631dd4f34a68bb2d4ab04adc7bb2b36f820aef503948c740dd9c3d
  languageName: node
  linkType: hard

"@firebase/auth@npm:1.7.2":
  version: 1.7.2
  resolution: "@firebase/auth@npm:1.7.2"
  dependencies:
    "@firebase/component": "npm:0.6.6"
    "@firebase/logger": "npm:0.4.1"
    "@firebase/util": "npm:1.9.5"
    tslib: "npm:^2.1.0"
    undici: "npm:5.28.4"
  peerDependencies:
    "@firebase/app": 0.x
    "@react-native-async-storage/async-storage": ^1.18.1
  peerDependenciesMeta:
    "@react-native-async-storage/async-storage":
      optional: true
  checksum: 10c0/595b2d89b9bdb380a54859e6faca98db55859c030ccab10822ac1c6c0655f31e1135743d9d417f580aebd5fbe17f756fe1e1e98a94d1e1452db06a38aabbe8c6
  languageName: node
  linkType: hard

"@firebase/component@npm:0.6.6":
  version: 0.6.6
  resolution: "@firebase/component@npm:0.6.6"
  dependencies:
    "@firebase/util": "npm:1.9.5"
    tslib: "npm:^2.1.0"
  checksum: 10c0/51580810c2c6a61943a9ab453d373e4c371207f8e5622c947d39ddeb6f84aef895f96613732f9a67bcefa6b4133e807fcc57c21958c8bfd65bb4041debe10d30
  languageName: node
  linkType: hard

"@firebase/database-compat@npm:1.0.4":
  version: 1.0.4
  resolution: "@firebase/database-compat@npm:1.0.4"
  dependencies:
    "@firebase/component": "npm:0.6.6"
    "@firebase/database": "npm:1.0.4"
    "@firebase/database-types": "npm:1.0.2"
    "@firebase/logger": "npm:0.4.1"
    "@firebase/util": "npm:1.9.5"
    tslib: "npm:^2.1.0"
  checksum: 10c0/62079c5827ec05d4a6c9eac50c8af9b4fb7abc130a7e72ef2c7880887cde1fa807d2e87cb5e05d65c5dd75d1dea9e0aeb82d74849daf3b6bf995f2b252d34a74
  languageName: node
  linkType: hard

"@firebase/database-types@npm:1.0.2":
  version: 1.0.2
  resolution: "@firebase/database-types@npm:1.0.2"
  dependencies:
    "@firebase/app-types": "npm:0.9.1"
    "@firebase/util": "npm:1.9.5"
  checksum: 10c0/3708818441779f89730e21fbcf0579c6b39a76f8df47db03be17d955024c2c31e2db6ab13a59076ea77dabe64811157d58900c8fbd4318671e7b01361c4c13ff
  languageName: node
  linkType: hard

"@firebase/database@npm:1.0.4":
  version: 1.0.4
  resolution: "@firebase/database@npm:1.0.4"
  dependencies:
    "@firebase/app-check-interop-types": "npm:0.3.1"
    "@firebase/auth-interop-types": "npm:0.2.2"
    "@firebase/component": "npm:0.6.6"
    "@firebase/logger": "npm:0.4.1"
    "@firebase/util": "npm:1.9.5"
    faye-websocket: "npm:0.11.4"
    tslib: "npm:^2.1.0"
  checksum: 10c0/64983376689af63d7039fe5a4f456027e49c870b763e67a970216a64e66e5bb2b294357eacda5d8dd0719d5f128f5d5eb8367031150b0a4acdbaa3c5e762403b
  languageName: node
  linkType: hard

"@firebase/firestore-compat@npm:0.3.30":
  version: 0.3.30
  resolution: "@firebase/firestore-compat@npm:0.3.30"
  dependencies:
    "@firebase/component": "npm:0.6.6"
    "@firebase/firestore": "npm:4.6.1"
    "@firebase/firestore-types": "npm:3.0.1"
    "@firebase/util": "npm:1.9.5"
    tslib: "npm:^2.1.0"
  peerDependencies:
    "@firebase/app-compat": 0.x
  checksum: 10c0/fb313b6b569bd11a1c68efca704cf8ac6f52de381539edf9c3be3878ae9cde6a428b131e861688192749c37df34497487fa8fd564108b78d51b814cc5f2bea74
  languageName: node
  linkType: hard

"@firebase/firestore-types@npm:3.0.1":
  version: 3.0.1
  resolution: "@firebase/firestore-types@npm:3.0.1"
  peerDependencies:
    "@firebase/app-types": 0.x
    "@firebase/util": 1.x
  checksum: 10c0/68e659f85b78a0f63187019d060c731e5ebbab2ead4d143b9358dc98e46af9e412bcdf768dff912c024ed6d4f0616f50974b73f9b1d7ed1d2aa84f13001465cc
  languageName: node
  linkType: hard

"@firebase/firestore@npm:4.6.1":
  version: 4.6.1
  resolution: "@firebase/firestore@npm:4.6.1"
  dependencies:
    "@firebase/component": "npm:0.6.6"
    "@firebase/logger": "npm:0.4.1"
    "@firebase/util": "npm:1.9.5"
    "@firebase/webchannel-wrapper": "npm:0.10.6"
    "@grpc/grpc-js": "npm:~1.9.0"
    "@grpc/proto-loader": "npm:^0.7.8"
    tslib: "npm:^2.1.0"
    undici: "npm:5.28.4"
  peerDependencies:
    "@firebase/app": 0.x
  checksum: 10c0/d16b3f994fabd8dc40b77166f62e9a8710bb35362a2770577bfd51636e85152b4f29d01513b033932a7cd696f15f70d1dd9c36171b9e31afcb7f183779519464
  languageName: node
  linkType: hard

"@firebase/functions-compat@npm:0.3.10":
  version: 0.3.10
  resolution: "@firebase/functions-compat@npm:0.3.10"
  dependencies:
    "@firebase/component": "npm:0.6.6"
    "@firebase/functions": "npm:0.11.4"
    "@firebase/functions-types": "npm:0.6.1"
    "@firebase/util": "npm:1.9.5"
    tslib: "npm:^2.1.0"
  peerDependencies:
    "@firebase/app-compat": 0.x
  checksum: 10c0/30f0ad9a4df25ef442f096acef4220141b1198436cc62f612700c57212314ae247645ef25abe9fc74d6ca597c5e0620264a9935df927e54e7eb70c45ef49e46c
  languageName: node
  linkType: hard

"@firebase/functions-types@npm:0.6.1":
  version: 0.6.1
  resolution: "@firebase/functions-types@npm:0.6.1"
  checksum: 10c0/cfa0c099d25958d1ee245307f41eb2e7c5eb14d359da8dd824eda8ca4cf1d1ef01a883fa7a3ebce2bf745bc99d8b1d17059ee46ed083c56205f794903742a117
  languageName: node
  linkType: hard

"@firebase/functions@npm:0.11.4":
  version: 0.11.4
  resolution: "@firebase/functions@npm:0.11.4"
  dependencies:
    "@firebase/app-check-interop-types": "npm:0.3.1"
    "@firebase/auth-interop-types": "npm:0.2.2"
    "@firebase/component": "npm:0.6.6"
    "@firebase/messaging-interop-types": "npm:0.2.1"
    "@firebase/util": "npm:1.9.5"
    tslib: "npm:^2.1.0"
    undici: "npm:5.28.4"
  peerDependencies:
    "@firebase/app": 0.x
  checksum: 10c0/ec6339a025e175860c6b3c4955006fd99936f74374f1a911d4c1f225b4ca079bf11970b76c2d9d64a448dfc9e2635c7be2d22f90cdbd051f2f5b39837d4bc052
  languageName: node
  linkType: hard

"@firebase/installations-compat@npm:0.2.6":
  version: 0.2.6
  resolution: "@firebase/installations-compat@npm:0.2.6"
  dependencies:
    "@firebase/component": "npm:0.6.6"
    "@firebase/installations": "npm:0.6.6"
    "@firebase/installations-types": "npm:0.5.1"
    "@firebase/util": "npm:1.9.5"
    tslib: "npm:^2.1.0"
  peerDependencies:
    "@firebase/app-compat": 0.x
  checksum: 10c0/a753312e6c4a4ae870e26558ebe70fd064577482cf6d105103604640a6adb4ba439aa1f3a3992021479c0aa48b59371ce7ba5b74b48a26dbd62fd5108f615a1a
  languageName: node
  linkType: hard

"@firebase/installations-types@npm:0.5.1":
  version: 0.5.1
  resolution: "@firebase/installations-types@npm:0.5.1"
  peerDependencies:
    "@firebase/app-types": 0.x
  checksum: 10c0/2c5ed5dadd685ac5ae8ff5f9eecd17cb47c3e6a6092f463a5c041b6faf5feecada43c8ce470360cf68bb57ca41a65d69dae07b684adf39bcd1c7e6798e94e682
  languageName: node
  linkType: hard

"@firebase/installations@npm:0.6.6":
  version: 0.6.6
  resolution: "@firebase/installations@npm:0.6.6"
  dependencies:
    "@firebase/component": "npm:0.6.6"
    "@firebase/util": "npm:1.9.5"
    idb: "npm:7.1.1"
    tslib: "npm:^2.1.0"
  peerDependencies:
    "@firebase/app": 0.x
  checksum: 10c0/3cb226869fb43bac974f05fc8be4df2ddd317aac9081548b32053b006f100ca3a5d9803f93b35299953b7bcf1d98fb3eeb6c4d82613a15138b0a31683670e719
  languageName: node
  linkType: hard

"@firebase/logger@npm:0.4.1":
  version: 0.4.1
  resolution: "@firebase/logger@npm:0.4.1"
  dependencies:
    tslib: "npm:^2.1.0"
  checksum: 10c0/b86e2c5d2561b673a3c3d7b9be6459c9df4677c1b1c37112c02e20cc318912d754191f16cbfa04d41fd63b6d8f99f5f034d41fa28952a7ffdc178582aec6c7d6
  languageName: node
  linkType: hard

"@firebase/messaging-compat@npm:0.2.8":
  version: 0.2.8
  resolution: "@firebase/messaging-compat@npm:0.2.8"
  dependencies:
    "@firebase/component": "npm:0.6.6"
    "@firebase/messaging": "npm:0.12.8"
    "@firebase/util": "npm:1.9.5"
    tslib: "npm:^2.1.0"
  peerDependencies:
    "@firebase/app-compat": 0.x
  checksum: 10c0/effc95a0d08ca0a3345724f96dd084e3d4b52148f97ee634b5d7e3e2449d35b296823c109fb54639d353787a9df81ff80091aa79be9d4296b6e76d14b1f4db9a
  languageName: node
  linkType: hard

"@firebase/messaging-interop-types@npm:0.2.1":
  version: 0.2.1
  resolution: "@firebase/messaging-interop-types@npm:0.2.1"
  checksum: 10c0/e9c0a9e3ba0495cbf0818952b75d62cf18be1cebab8ad2c281dd98fb6d01b8609bd372a1b063c5069fd61d2e2b558716363aff51a991cd7b768aa232c9d4a899
  languageName: node
  linkType: hard

"@firebase/messaging@npm:0.12.8":
  version: 0.12.8
  resolution: "@firebase/messaging@npm:0.12.8"
  dependencies:
    "@firebase/component": "npm:0.6.6"
    "@firebase/installations": "npm:0.6.6"
    "@firebase/messaging-interop-types": "npm:0.2.1"
    "@firebase/util": "npm:1.9.5"
    idb: "npm:7.1.1"
    tslib: "npm:^2.1.0"
  peerDependencies:
    "@firebase/app": 0.x
  checksum: 10c0/5b5ad1574f62936a100e70bbadc5c10bc25b7c320f795308efa0e7d2676f265bbbf1a9199b3e99cf351f9742d25e4f32c4ba475234e2ebb105a3aaeddd29859f
  languageName: node
  linkType: hard

"@firebase/performance-compat@npm:0.2.6":
  version: 0.2.6
  resolution: "@firebase/performance-compat@npm:0.2.6"
  dependencies:
    "@firebase/component": "npm:0.6.6"
    "@firebase/logger": "npm:0.4.1"
    "@firebase/performance": "npm:0.6.6"
    "@firebase/performance-types": "npm:0.2.1"
    "@firebase/util": "npm:1.9.5"
    tslib: "npm:^2.1.0"
  peerDependencies:
    "@firebase/app-compat": 0.x
  checksum: 10c0/c6f761c5111e5b01fdb562733dbb9703229025737966b7ef32c2d988159f7917aa0e866aaba33f4705e4aee5d48eec1a4195b4515e5e60b07ac7c49e6d4a5a58
  languageName: node
  linkType: hard

"@firebase/performance-types@npm:0.2.1":
  version: 0.2.1
  resolution: "@firebase/performance-types@npm:0.2.1"
  checksum: 10c0/910291d13aa7fd62e01210cfb2fda58578c2ee54811dc99ac993f618934be4e81401a28ada2b2742c9ed0f3621dabd18539355b0c4218e314747d0428b24c243
  languageName: node
  linkType: hard

"@firebase/performance@npm:0.6.6":
  version: 0.6.6
  resolution: "@firebase/performance@npm:0.6.6"
  dependencies:
    "@firebase/component": "npm:0.6.6"
    "@firebase/installations": "npm:0.6.6"
    "@firebase/logger": "npm:0.4.1"
    "@firebase/util": "npm:1.9.5"
    tslib: "npm:^2.1.0"
  peerDependencies:
    "@firebase/app": 0.x
  checksum: 10c0/acceff29cc91f2f66e4f197bf4a6fd028d93f45256c336add38dc68aa9beebf1236a6aad10730fac0ad0e25292734828a1a7229fdad9c8d5fd38585d4016bb5d
  languageName: node
  linkType: hard

"@firebase/remote-config-compat@npm:0.2.6":
  version: 0.2.6
  resolution: "@firebase/remote-config-compat@npm:0.2.6"
  dependencies:
    "@firebase/component": "npm:0.6.6"
    "@firebase/logger": "npm:0.4.1"
    "@firebase/remote-config": "npm:0.4.6"
    "@firebase/remote-config-types": "npm:0.3.1"
    "@firebase/util": "npm:1.9.5"
    tslib: "npm:^2.1.0"
  peerDependencies:
    "@firebase/app-compat": 0.x
  checksum: 10c0/c87397829ddf9a7488398287c77f26a6a354d557c88d5d2dc72d53b6cd627769db4f3067906589d505b8933b9927e3c5220865a759a7b121bef8549f3bd2cfbd
  languageName: node
  linkType: hard

"@firebase/remote-config-types@npm:0.3.1":
  version: 0.3.1
  resolution: "@firebase/remote-config-types@npm:0.3.1"
  checksum: 10c0/67039bf2b496da604b9b3bcd8fcf28c3bb71ab99dafa9388d7ab24447e70de905730ef6e5bbee524f8c4436aef95ac96b4b050a26781792338a1528e1beab69b
  languageName: node
  linkType: hard

"@firebase/remote-config@npm:0.4.6":
  version: 0.4.6
  resolution: "@firebase/remote-config@npm:0.4.6"
  dependencies:
    "@firebase/component": "npm:0.6.6"
    "@firebase/installations": "npm:0.6.6"
    "@firebase/logger": "npm:0.4.1"
    "@firebase/util": "npm:1.9.5"
    tslib: "npm:^2.1.0"
  peerDependencies:
    "@firebase/app": 0.x
  checksum: 10c0/a9cb5f129820d45cc68672d05c1b385a6556d8416681d1e70b90b9d0be7140113ec2cb85bbf3978a270fa1342019a11b51bc4aea94ab7dee8a9192e2a88f30c3
  languageName: node
  linkType: hard

"@firebase/storage-compat@npm:0.3.7":
  version: 0.3.7
  resolution: "@firebase/storage-compat@npm:0.3.7"
  dependencies:
    "@firebase/component": "npm:0.6.6"
    "@firebase/storage": "npm:0.12.4"
    "@firebase/storage-types": "npm:0.8.1"
    "@firebase/util": "npm:1.9.5"
    tslib: "npm:^2.1.0"
  peerDependencies:
    "@firebase/app-compat": 0.x
  checksum: 10c0/6e60cbcf430c5f531e5b955044e9f95455180f6fd6f00cdf6714f364ee091adce4e2c8d94e335046054720c53622824a150e8dd159db4fec98537fd64745054c
  languageName: node
  linkType: hard

"@firebase/storage-types@npm:0.8.1":
  version: 0.8.1
  resolution: "@firebase/storage-types@npm:0.8.1"
  peerDependencies:
    "@firebase/app-types": 0.x
    "@firebase/util": 1.x
  checksum: 10c0/bb1fd88c1457a27c972baf143d93441e6355556276143c0145907bddfe8661a1d1c0baf11a04b28f4b85a8fed743deab4d712852fdccc0a1ba4220f429ea3e0c
  languageName: node
  linkType: hard

"@firebase/storage@npm:0.12.4":
  version: 0.12.4
  resolution: "@firebase/storage@npm:0.12.4"
  dependencies:
    "@firebase/component": "npm:0.6.6"
    "@firebase/util": "npm:1.9.5"
    tslib: "npm:^2.1.0"
    undici: "npm:5.28.4"
  peerDependencies:
    "@firebase/app": 0.x
  checksum: 10c0/fcf51684d1f8cd460d56ff381e2538b32dd77132a3834e98f0ba82e33fd6c125ef66183fec9172cb8b550fd5fd1509503601047bfafbd8c4a330c91140206322
  languageName: node
  linkType: hard

"@firebase/util@npm:1.9.5":
  version: 1.9.5
  resolution: "@firebase/util@npm:1.9.5"
  dependencies:
    tslib: "npm:^2.1.0"
  checksum: 10c0/d666e3a08a821e280962f50d45feecd2a1c9d3f86f4c4d49e474c0ebd67fc5e8d7c38e27e96fa7b11a88950ed09919855d727a41a6acca9ed2bd431bebedeeb4
  languageName: node
  linkType: hard

"@firebase/webchannel-wrapper@npm:0.10.6":
  version: 0.10.6
  resolution: "@firebase/webchannel-wrapper@npm:0.10.6"
  checksum: 10c0/c32c4760d52823ab6f9df9a39d81ce044c197fffe20eb7d2a0af88fc1dc57110bc96f6bdcdd7c797a667f59a9fb67879e375ea580ea6de4466e32ec4bde16847
  languageName: node
  linkType: hard

"@grpc/grpc-js@npm:~1.9.0":
  version: 1.9.14
  resolution: "@grpc/grpc-js@npm:1.9.14"
  dependencies:
    "@grpc/proto-loader": "npm:^0.7.8"
    "@types/node": "npm:>=12.12.47"
  checksum: 10c0/921c5a34b4b290555b41291f514658b89c5035926d77bbbedc2e7d408bd7156450539df4f6b8698cd5a6ee7f20109a444efb9ec200a4302c84dda0c6f223b7c0
  languageName: node
  linkType: hard

"@grpc/proto-loader@npm:^0.7.8":
  version: 0.7.13
  resolution: "@grpc/proto-loader@npm:0.7.13"
  dependencies:
    lodash.camelcase: "npm:^4.3.0"
    long: "npm:^5.0.0"
    protobufjs: "npm:^7.2.5"
    yargs: "npm:^17.7.2"
  bin:
    proto-loader-gen-types: build/bin/proto-loader-gen-types.js
  checksum: 10c0/dc8ed7aa1454c15e224707cc53d84a166b98d76f33606a9f334c7a6fb1aedd3e3614dcd2c2b02a6ffaf140587d19494f93b3a56346c6c2e26bc564f6deddbbf3
  languageName: node
  linkType: hard

"@protobufjs/aspromise@npm:^1.1.1, @protobufjs/aspromise@npm:^1.1.2":
  version: 1.1.2
  resolution: "@protobufjs/aspromise@npm:1.1.2"
  checksum: 10c0/a83343a468ff5b5ec6bff36fd788a64c839e48a07ff9f4f813564f58caf44d011cd6504ed2147bf34835bd7a7dd2107052af755961c6b098fd8902b4f6500d0f
  languageName: node
  linkType: hard

"@protobufjs/base64@npm:^1.1.2":
  version: 1.1.2
  resolution: "@protobufjs/base64@npm:1.1.2"
  checksum: 10c0/eec925e681081af190b8ee231f9bad3101e189abbc182ff279da6b531e7dbd2a56f1f306f37a80b1be9e00aa2d271690d08dcc5f326f71c9eed8546675c8caf6
  languageName: node
  linkType: hard

"@protobufjs/codegen@npm:^2.0.4":
  version: 2.0.4
  resolution: "@protobufjs/codegen@npm:2.0.4"
  checksum: 10c0/26ae337c5659e41f091606d16465bbcc1df1f37cc1ed462438b1f67be0c1e28dfb2ca9f294f39100c52161aef82edf758c95d6d75650a1ddf31f7ddee1440b43
  languageName: node
  linkType: hard

"@protobufjs/eventemitter@npm:^1.1.0":
  version: 1.1.0
  resolution: "@protobufjs/eventemitter@npm:1.1.0"
  checksum: 10c0/1eb0a75180e5206d1033e4138212a8c7089a3d418c6dfa5a6ce42e593a4ae2e5892c4ef7421f38092badba4040ea6a45f0928869989411001d8c1018ea9a6e70
  languageName: node
  linkType: hard

"@protobufjs/fetch@npm:^1.1.0":
  version: 1.1.0
  resolution: "@protobufjs/fetch@npm:1.1.0"
  dependencies:
    "@protobufjs/aspromise": "npm:^1.1.1"
    "@protobufjs/inquire": "npm:^1.1.0"
  checksum: 10c0/cda6a3dc2d50a182c5865b160f72077aac197046600091dbb005dd0a66db9cce3c5eaed6d470ac8ed49d7bcbeef6ee5f0bc288db5ff9a70cbd003e5909065233
  languageName: node
  linkType: hard

"@protobufjs/float@npm:^1.0.2":
  version: 1.0.2
  resolution: "@protobufjs/float@npm:1.0.2"
  checksum: 10c0/18f2bdede76ffcf0170708af15c9c9db6259b771e6b84c51b06df34a9c339dbbeec267d14ce0bddd20acc142b1d980d983d31434398df7f98eb0c94a0eb79069
  languageName: node
  linkType: hard

"@protobufjs/inquire@npm:^1.1.0":
  version: 1.1.0
  resolution: "@protobufjs/inquire@npm:1.1.0"
  checksum: 10c0/64372482efcba1fb4d166a2664a6395fa978b557803857c9c03500e0ac1013eb4b1aacc9ed851dd5fc22f81583670b4f4431bae186f3373fedcfde863ef5921a
  languageName: node
  linkType: hard

"@protobufjs/path@npm:^1.1.2":
  version: 1.1.2
  resolution: "@protobufjs/path@npm:1.1.2"
  checksum: 10c0/cece0a938e7f5dfd2fa03f8c14f2f1cf8b0d6e13ac7326ff4c96ea311effd5fb7ae0bba754fbf505312af2e38500250c90e68506b97c02360a43793d88a0d8b4
  languageName: node
  linkType: hard

"@protobufjs/pool@npm:^1.1.0":
  version: 1.1.0
  resolution: "@protobufjs/pool@npm:1.1.0"
  checksum: 10c0/eda2718b7f222ac6e6ad36f758a92ef90d26526026a19f4f17f668f45e0306a5bd734def3f48f51f8134ae0978b6262a5c517c08b115a551756d1a3aadfcf038
  languageName: node
  linkType: hard

"@protobufjs/utf8@npm:^1.1.0":
  version: 1.1.0
  resolution: "@protobufjs/utf8@npm:1.1.0"
  checksum: 10c0/a3fe31fe3fa29aa3349e2e04ee13dc170cc6af7c23d92ad49e3eeaf79b9766264544d3da824dba93b7855bd6a2982fb40032ef40693da98a136d835752beb487
  languageName: node
  linkType: hard

"@types/node@npm:>=12.12.47, @types/node@npm:>=13.7.0":
  version: 20.12.8
  resolution: "@types/node@npm:20.12.8"
  dependencies:
    undici-types: "npm:~5.26.4"
  checksum: 10c0/840002d20654e38a9af8cdffa215598fdb28ac4f96c5701ed672ec365ed6ccc66da299edddaa409baf13cd71bbf1128901f633b5e44e070fc236e26415805b78
  languageName: node
  linkType: hard

"ansi-regex@npm:^5.0.1":
  version: 5.0.1
  resolution: "ansi-regex@npm:5.0.1"
  checksum: 10c0/9a64bb8627b434ba9327b60c027742e5d17ac69277960d041898596271d992d4d52ba7267a63ca10232e29f6107fc8a835f6ce8d719b88c5f8493f8254813737
  languageName: node
  linkType: hard

"ansi-styles@npm:^4.0.0":
  version: 4.3.0
  resolution: "ansi-styles@npm:4.3.0"
  dependencies:
    color-convert: "npm:^2.0.1"
  checksum: 10c0/895a23929da416f2bd3de7e9cb4eabd340949328ab85ddd6e484a637d8f6820d485f53933446f5291c3b760cbc488beb8e88573dd0f9c7daf83dccc8fe81b041
  languageName: node
  linkType: hard

"broken-web-extention-types@workspace:.":
  version: 0.0.0-use.local
  resolution: "broken-web-extention-types@workspace:."
  dependencies:
    firebase: "npm:^10.11.1"
    typescript: "npm:^5.4.5"
  languageName: unknown
  linkType: soft

"cliui@npm:^8.0.1":
  version: 8.0.1
  resolution: "cliui@npm:8.0.1"
  dependencies:
    string-width: "npm:^4.2.0"
    strip-ansi: "npm:^6.0.1"
    wrap-ansi: "npm:^7.0.0"
  checksum: 10c0/4bda0f09c340cbb6dfdc1ed508b3ca080f12992c18d68c6be4d9cf51756033d5266e61ec57529e610dacbf4da1c634423b0c1b11037709cc6b09045cbd815df5
  languageName: node
  linkType: hard

"color-convert@npm:^2.0.1":
  version: 2.0.1
  resolution: "color-convert@npm:2.0.1"
  dependencies:
    color-name: "npm:~1.1.4"
  checksum: 10c0/37e1150172f2e311fe1b2df62c6293a342ee7380da7b9cfdba67ea539909afbd74da27033208d01d6d5cfc65ee7868a22e18d7e7648e004425441c0f8a15a7d7
  languageName: node
  linkType: hard

"color-name@npm:~1.1.4":
  version: 1.1.4
  resolution: "color-name@npm:1.1.4"
  checksum: 10c0/a1a3f914156960902f46f7f56bc62effc6c94e84b2cae157a526b1c1f74b677a47ec602bf68a61abfa2b42d15b7c5651c6dbe72a43af720bc588dff885b10f95
  languageName: node
  linkType: hard

"emoji-regex@npm:^8.0.0":
  version: 8.0.0
  resolution: "emoji-regex@npm:8.0.0"
  checksum: 10c0/b6053ad39951c4cf338f9092d7bfba448cdfd46fe6a2a034700b149ac9ffbc137e361cbd3c442297f86bed2e5f7576c1b54cc0a6bf8ef5106cc62f496af35010
  languageName: node
  linkType: hard

"escalade@npm:^3.1.1":
  version: 3.1.2
  resolution: "escalade@npm:3.1.2"
  checksum: 10c0/6b4adafecd0682f3aa1cd1106b8fff30e492c7015b178bc81b2d2f75106dabea6c6d6e8508fc491bd58e597c74abb0e8e2368f943ecb9393d4162e3c2f3cf287
  languageName: node
  linkType: hard

"faye-websocket@npm:0.11.4":
  version: 0.11.4
  resolution: "faye-websocket@npm:0.11.4"
  dependencies:
    websocket-driver: "npm:>=0.5.1"
  checksum: 10c0/c6052a0bb322778ce9f89af92890f6f4ce00d5ec92418a35e5f4c6864a4fe736fec0bcebd47eac7c0f0e979b01530746b1c85c83cb04bae789271abf19737420
  languageName: node
  linkType: hard

"firebase@npm:^10.11.1":
  version: 10.11.1
  resolution: "firebase@npm:10.11.1"
  dependencies:
    "@firebase/analytics": "npm:0.10.2"
    "@firebase/analytics-compat": "npm:0.2.8"
    "@firebase/app": "npm:0.10.2"
    "@firebase/app-check": "npm:0.8.3"
    "@firebase/app-check-compat": "npm:0.3.10"
    "@firebase/app-compat": "npm:0.2.32"
    "@firebase/app-types": "npm:0.9.1"
    "@firebase/auth": "npm:1.7.2"
    "@firebase/auth-compat": "npm:0.5.7"
    "@firebase/database": "npm:1.0.4"
    "@firebase/database-compat": "npm:1.0.4"
    "@firebase/firestore": "npm:4.6.1"
    "@firebase/firestore-compat": "npm:0.3.30"
    "@firebase/functions": "npm:0.11.4"
    "@firebase/functions-compat": "npm:0.3.10"
    "@firebase/installations": "npm:0.6.6"
    "@firebase/installations-compat": "npm:0.2.6"
    "@firebase/messaging": "npm:0.12.8"
    "@firebase/messaging-compat": "npm:0.2.8"
    "@firebase/performance": "npm:0.6.6"
    "@firebase/performance-compat": "npm:0.2.6"
    "@firebase/remote-config": "npm:0.4.6"
    "@firebase/remote-config-compat": "npm:0.2.6"
    "@firebase/storage": "npm:0.12.4"
    "@firebase/storage-compat": "npm:0.3.7"
    "@firebase/util": "npm:1.9.5"
  checksum: 10c0/3c8f91e7baab859fa3c06f1930679b6453b9c34feaa12e3186b23d9de6c2e5d4304e67bec0dbc5f15e0e9eb86bcf5c1b90c535a70bf5787dc02016cdebccb91b
  languageName: node
  linkType: hard

"get-caller-file@npm:^2.0.5":
  version: 2.0.5
  resolution: "get-caller-file@npm:2.0.5"
  checksum: 10c0/c6c7b60271931fa752aeb92f2b47e355eac1af3a2673f47c9589e8f8a41adc74d45551c1bc57b5e66a80609f10ffb72b6f575e4370d61cc3f7f3aaff01757cde
  languageName: node
  linkType: hard

"http-parser-js@npm:>=0.5.1":
  version: 0.5.8
  resolution: "http-parser-js@npm:0.5.8"
  checksum: 10c0/4ed89f812c44f84c4ae5d43dd3a0c47942b875b63be0ed2ccecbe6b0018af867d806495fc6e12474aff868721163699c49246585bddea4f0ecc6d2b02e19faf1
  languageName: node
  linkType: hard

"idb@npm:7.1.1":
  version: 7.1.1
  resolution: "idb@npm:7.1.1"
  checksum: 10c0/72418e4397638797ee2089f97b45fc29f937b830bc0eb4126f4a9889ecf10320ceacf3a177fe5d7ffaf6b4fe38b20bbd210151549bfdc881db8081eed41c870d
  languageName: node
  linkType: hard

"is-fullwidth-code-point@npm:^3.0.0":
  version: 3.0.0
  resolution: "is-fullwidth-code-point@npm:3.0.0"
  checksum: 10c0/bb11d825e049f38e04c06373a8d72782eee0205bda9d908cc550ccb3c59b99d750ff9537982e01733c1c94a58e35400661f57042158ff5e8f3e90cf936daf0fc
  languageName: node
  linkType: hard

"lodash.camelcase@npm:^4.3.0":
  version: 4.3.0
  resolution: "lodash.camelcase@npm:4.3.0"
  checksum: 10c0/fcba15d21a458076dd309fce6b1b4bf611d84a0ec252cb92447c948c533ac250b95d2e00955801ebc367e5af5ed288b996d75d37d2035260a937008e14eaf432
  languageName: node
  linkType: hard

"long@npm:^5.0.0":
  version: 5.2.3
  resolution: "long@npm:5.2.3"
  checksum: 10c0/6a0da658f5ef683b90330b1af76f06790c623e148222da9d75b60e266bbf88f803232dd21464575681638894a84091616e7f89557aa087fd14116c0f4e0e43d9
  languageName: node
  linkType: hard

"protobufjs@npm:^7.2.5":
  version: 7.2.6
  resolution: "protobufjs@npm:7.2.6"
  dependencies:
    "@protobufjs/aspromise": "npm:^1.1.2"
    "@protobufjs/base64": "npm:^1.1.2"
    "@protobufjs/codegen": "npm:^2.0.4"
    "@protobufjs/eventemitter": "npm:^1.1.0"
    "@protobufjs/fetch": "npm:^1.1.0"
    "@protobufjs/float": "npm:^1.0.2"
    "@protobufjs/inquire": "npm:^1.1.0"
    "@protobufjs/path": "npm:^1.1.2"
    "@protobufjs/pool": "npm:^1.1.0"
    "@protobufjs/utf8": "npm:^1.1.0"
    "@types/node": "npm:>=13.7.0"
    long: "npm:^5.0.0"
  checksum: 10c0/e164855536a43aa7941c7d95a2342e466f599d2e033ed89c5f5582fb0e3affeec702810091b850f3b700bfd646260b07bb4d8bb94c107cddcecd92de4d1d62fd
  languageName: node
  linkType: hard

"require-directory@npm:^2.1.1":
  version: 2.1.1
  resolution: "require-directory@npm:2.1.1"
  checksum: 10c0/83aa76a7bc1531f68d92c75a2ca2f54f1b01463cb566cf3fbc787d0de8be30c9dbc211d1d46be3497dac5785fe296f2dd11d531945ac29730643357978966e99
  languageName: node
  linkType: hard

"safe-buffer@npm:>=5.1.0":
  version: 5.2.1
  resolution: "safe-buffer@npm:5.2.1"
  checksum: 10c0/6501914237c0a86e9675d4e51d89ca3c21ffd6a31642efeba25ad65720bce6921c9e7e974e5be91a786b25aa058b5303285d3c15dbabf983a919f5f630d349f3
  languageName: node
  linkType: hard

"string-width@npm:^4.1.0, string-width@npm:^4.2.0, string-width@npm:^4.2.3":
  version: 4.2.3
  resolution: "string-width@npm:4.2.3"
  dependencies:
    emoji-regex: "npm:^8.0.0"
    is-fullwidth-code-point: "npm:^3.0.0"
    strip-ansi: "npm:^6.0.1"
  checksum: 10c0/1e525e92e5eae0afd7454086eed9c818ee84374bb80328fc41217ae72ff5f065ef1c9d7f72da41de40c75fa8bb3dee63d92373fd492c84260a552c636392a47b
  languageName: node
  linkType: hard

"strip-ansi@npm:^6.0.0, strip-ansi@npm:^6.0.1":
  version: 6.0.1
  resolution: "strip-ansi@npm:6.0.1"
  dependencies:
    ansi-regex: "npm:^5.0.1"
  checksum: 10c0/1ae5f212a126fe5b167707f716942490e3933085a5ff6c008ab97ab2f272c8025d3aa218b7bd6ab25729ca20cc81cddb252102f8751e13482a5199e873680952
  languageName: node
  linkType: hard

"tslib@npm:^2.1.0":
  version: 2.6.2
  resolution: "tslib@npm:2.6.2"
  checksum: 10c0/e03a8a4271152c8b26604ed45535954c0a45296e32445b4b87f8a5abdb2421f40b59b4ca437c4346af0f28179780d604094eb64546bee2019d903d01c6c19bdb
  languageName: node
  linkType: hard

"typescript@npm:^5.4.5":
  version: 5.4.5
  resolution: "typescript@npm:5.4.5"
  bin:
    tsc: bin/tsc
    tsserver: bin/tsserver
  checksum: 10c0/2954022ada340fd3d6a9e2b8e534f65d57c92d5f3989a263754a78aba549f7e6529acc1921913560a4b816c46dce7df4a4d29f9f11a3dc0d4213bb76d043251e
  languageName: node
  linkType: hard

"typescript@patch:typescript@npm%3A^5.4.5#optional!builtin<compat/typescript>":
  version: 5.4.5
  resolution: "typescript@patch:typescript@npm%3A5.4.5#optional!builtin<compat/typescript>::version=5.4.5&hash=5adc0c"
  bin:
    tsc: bin/tsc
    tsserver: bin/tsserver
  checksum: 10c0/db2ad2a16ca829f50427eeb1da155e7a45e598eec7b086d8b4e8ba44e5a235f758e606d681c66992230d3fc3b8995865e5fd0b22a2c95486d0b3200f83072ec9
  languageName: node
  linkType: hard

"undici-types@npm:~5.26.4":
  version: 5.26.5
  resolution: "undici-types@npm:5.26.5"
  checksum: 10c0/bb673d7876c2d411b6eb6c560e0c571eef4a01c1c19925175d16e3a30c4c428181fb8d7ae802a261f283e4166a0ac435e2f505743aa9e45d893f9a3df017b501
  languageName: node
  linkType: hard

"undici@npm:5.28.4":
  version: 5.28.4
  resolution: "undici@npm:5.28.4"
  dependencies:
    "@fastify/busboy": "npm:^2.0.0"
  checksum: 10c0/08d0f2596553aa0a54ca6e8e9c7f45aef7d042c60918564e3a142d449eda165a80196f6ef19ea2ef2e6446959e293095d8e40af1236f0d67223b06afac5ecad7
  languageName: node
  linkType: hard

"websocket-driver@npm:>=0.5.1":
  version: 0.7.4
  resolution: "websocket-driver@npm:0.7.4"
  dependencies:
    http-parser-js: "npm:>=0.5.1"
    safe-buffer: "npm:>=5.1.0"
    websocket-extensions: "npm:>=0.1.1"
  checksum: 10c0/5f09547912b27bdc57bac17b7b6527d8993aa4ac8a2d10588bb74aebaf785fdcf64fea034aae0c359b7adff2044dd66f3d03866e4685571f81b13e548f9021f1
  languageName: node
  linkType: hard

"websocket-extensions@npm:>=0.1.1":
  version: 0.1.4
  resolution: "websocket-extensions@npm:0.1.4"
  checksum: 10c0/bbc8c233388a0eb8a40786ee2e30d35935cacbfe26ab188b3e020987e85d519c2009fe07cfc37b7f718b85afdba7e54654c9153e6697301f72561bfe429177e0
  languageName: node
  linkType: hard

"wrap-ansi@npm:^7.0.0":
  version: 7.0.0
  resolution: "wrap-ansi@npm:7.0.0"
  dependencies:
    ansi-styles: "npm:^4.0.0"
    string-width: "npm:^4.1.0"
    strip-ansi: "npm:^6.0.0"
  checksum: 10c0/d15fc12c11e4cbc4044a552129ebc75ee3f57aa9c1958373a4db0292d72282f54373b536103987a4a7594db1ef6a4f10acf92978f79b98c49306a4b58c77d4da
  languageName: node
  linkType: hard

"y18n@npm:^5.0.5":
  version: 5.0.8
  resolution: "y18n@npm:5.0.8"
  checksum: 10c0/4df2842c36e468590c3691c894bc9cdbac41f520566e76e24f59401ba7d8b4811eb1e34524d57e54bc6d864bcb66baab7ffd9ca42bf1eda596618f9162b91249
  languageName: node
  linkType: hard

"yargs-parser@npm:^21.1.1":
  version: 21.1.1
  resolution: "yargs-parser@npm:21.1.1"
  checksum: 10c0/f84b5e48169479d2f402239c59f084cfd1c3acc197a05c59b98bab067452e6b3ea46d4dd8ba2985ba7b3d32a343d77df0debd6b343e5dae3da2aab2cdf5886b2
  languageName: node
  linkType: hard

"yargs@npm:^17.7.2":
  version: 17.7.2
  resolution: "yargs@npm:17.7.2"
  dependencies:
    cliui: "npm:^8.0.1"
    escalade: "npm:^3.1.1"
    get-caller-file: "npm:^2.0.5"
    require-directory: "npm:^2.1.1"
    string-width: "npm:^4.2.3"
    y18n: "npm:^5.0.5"
    yargs-parser: "npm:^21.1.1"
  checksum: 10c0/ccd7e723e61ad5965fffbb791366db689572b80cca80e0f96aad968dfff4156cd7cd1ad18607afe1046d8241e6fb2d6c08bf7fa7bfb5eaec818735d8feac8f05
  languageName: node
  linkType: hard
